
Microsoft Visual Studio Solution File, Format Version 12.00
# Visual Studio Version 16
VisualStudioVersion = 16.0.31205.134
MinimumVisualStudioVersion = 10.0.40219.1
Project("{FAE04EC0-301F-11D3-BF4B-00C04F79EFBC}") = "Laba4.1", "Laba4.1\Laba4.1.csproj", "{655E799A-780C-44DC-89D4-DDF3EEC4F402}"
EndProject
Global
	GlobalSection(SolutionConfigurationPlatforms) = preSolution
		Debug|Any CPU = Debug|Any CPU
		Release|Any CPU = Release|Any CPU
	EndGlobalSection
	GlobalSection(ProjectConfigurationPlatforms) = postSolution
		{655E799A-780C-44DC-89D4-DDF3EEC4F402}.Debug|Any CPU.ActiveCfg = Debug|Any CPU
		{655E799A-780C-44DC-89D4-DDF3EEC4F402}.Debug|Any CPU.Build.0 = Debug|Any CPU
		{655E799A-780C-44DC-89D4-DDF3EEC4F402}.Release|Any CPU.ActiveCfg = Release|Any CPU
		{655E799A-780C-44DC-89D4-DDF3EEC4F402}.Release|Any CPU.Build.0 = Release|Any CPU
	EndGlobalSection
	GlobalSection(SolutionProperties) = preSolution
		HideSolutionNode = FALSE
	EndGlobalSection
	GlobalSection(ExtensibilityGlobals) = postSolution
		SolutionGuid = {1754268C-924C-4082-B7A7-3055E6171D35}
	EndGlobalSection
EndGlobal
